
Microsoft Visual Studio Solution File, Format Version 11.00
# Visual Studio 2010
Project("{FAE04EC0-301F-11D3-BF4B-00C04F79EFBC}") = "AAT_Unity", "Assembly-CSharp.csproj", "{43533C38-817D-E5CC-9464-17C50F60B333}"
EndProject
Project("{FAE04EC0-301F-11D3-BF4B-00C04F79EFBC}") = "AAT_Unity", "Assembly-CSharp-firstpass.csproj", "{BA820B83-814C-1173-F5CB-4E4D816959D4}"
EndProject
Global
	GlobalSection(SolutionConfigurationPlatforms) = preSolution
		Debug|Any CPU = Debug|Any CPU
		Release|Any CPU = Release|Any CPU
	EndGlobalSection
	GlobalSection(ProjectConfigurationPlatforms) = postSolution
		{43533C38-817D-E5CC-9464-17C50F60B333}.Debug|Any CPU.ActiveCfg = Debug|Any CPU
		{43533C38-817D-E5CC-9464-17C50F60B333}.Debug|Any CPU.Build.0 = Debug|Any CPU
		{43533C38-817D-E5CC-9464-17C50F60B333}.Release|Any CPU.ActiveCfg = Release|Any CPU
		{43533C38-817D-E5CC-9464-17C50F60B333}.Release|Any CPU.Build.0 = Release|Any CPU
		{BA820B83-814C-1173-F5CB-4E4D816959D4}.Debug|Any CPU.ActiveCfg = Debug|Any CPU
		{BA820B83-814C-1173-F5CB-4E4D816959D4}.Debug|Any CPU.Build.0 = Debug|Any CPU
		{BA820B83-814C-1173-F5CB-4E4D816959D4}.Release|Any CPU.ActiveCfg = Release|Any CPU
		{BA820B83-814C-1173-F5CB-4E4D816959D4}.Release|Any CPU.Build.0 = Release|Any CPU
	EndGlobalSection
	GlobalSection(SolutionProperties) = preSolution
		HideSolutionNode = FALSE
	EndGlobalSection
	GlobalSection(MonoDevelopProperties) = preSolution
		StartupItem = Assembly-CSharp.csproj
	EndGlobalSection
EndGlobal
