
Microsoft Visual Studio Solution File, Format Version 12.00
# Visual Studio Version 17
VisualStudioVersion = 17.14.36202.13 d17.14
MinimumVisualStudioVersion = 10.0.40219.1
Project("{FAE04EC0-301F-11D3-BF4B-00C04F79EFBC}") = "mod", "mod.csproj", "{28ADDE88-82CA-409E-9BD1-AE8ABDE34B06}"
EndProject
Global
	GlobalSection(SolutionConfigurationPlatforms) = preSolution
		Debug|Any CPU = Debug|Any CPU
		Release|Any CPU = Release|Any CPU
	EndGlobalSection
	GlobalSection(ProjectConfigurationPlatforms) = postSolution
		{28ADDE88-82CA-409E-9BD1-AE8ABDE34B06}.Debug|Any CPU.ActiveCfg = Debug|Any CPU
		{28ADDE88-82CA-409E-9BD1-AE8ABDE34B06}.Debug|Any CPU.Build.0 = Debug|Any CPU
		{28ADDE88-82CA-409E-9BD1-AE8ABDE34B06}.Release|Any CPU.ActiveCfg = Release|Any CPU
		{28ADDE88-82CA-409E-9BD1-AE8ABDE34B06}.Release|Any CPU.Build.0 = Release|Any CPU
	EndGlobalSection
	GlobalSection(SolutionProperties) = preSolution
		HideSolutionNode = FALSE
	EndGlobalSection
	GlobalSection(ExtensibilityGlobals) = postSolution
		SolutionGuid = {5A7D17A6-0F44-4163-9C8D-AE922AD3604C}
	EndGlobalSection
EndGlobal
